
Microsoft Visual Studio Solution File, Format Version 12.00
# Visual Studio 15
VisualStudioVersion = 15.0.27130.2010
MinimumVisualStudioVersion = 10.0.40219.1
Project("{9A19103F-16F7-4668-BE54-9A1E7A4F7556}") = "IssueTracker.Web", "IssueTracker\IssueTracker.Web.csproj", "{76E949B1-75F3-4478-9507-9D43EB937B5D}"
EndProject
Project("{9A19103F-16F7-4668-BE54-9A1E7A4F7556}") = "IssueTracker.Data", "IssueTracker.Data\IssueTracker.Data.csproj", "{B001BEC6-24EC-4BB2-BA67-15194519F142}"
EndProject
Project("{9A19103F-16F7-4668-BE54-9A1E7A4F7556}") = "IssueTracker.Services", "IssueTracker.Services\IssueTracker.Services.csproj", "{EA60045D-BF59-4577-8F2A-EACB40B97A18}"
EndProject
Project("{FAE04EC0-301F-11D3-BF4B-00C04F79EFBC}") = "IssueTracker.Tests", "IssueTracker.Tests\IssueTracker.Tests.csproj", "{EF63024B-C01C-4DA0-A509-C296F226E07A}"
EndProject
Global
	GlobalSection(SolutionConfigurationPlatforms) = preSolution
		Debug|Any CPU = Debug|Any CPU
		Release|Any CPU = Release|Any CPU
	EndGlobalSection
	GlobalSection(ProjectConfigurationPlatforms) = postSolution
		{76E949B1-75F3-4478-9507-9D43EB937B5D}.Debug|Any CPU.ActiveCfg = Debug|Any CPU
		{76E949B1-75F3-4478-9507-9D43EB937B5D}.Debug|Any CPU.Build.0 = Debug|Any CPU
		{76E949B1-75F3-4478-9507-9D43EB937B5D}.Release|Any CPU.ActiveCfg = Release|Any CPU
		{76E949B1-75F3-4478-9507-9D43EB937B5D}.Release|Any CPU.Build.0 = Release|Any CPU
		{B001BEC6-24EC-4BB2-BA67-15194519F142}.Debug|Any CPU.ActiveCfg = Debug|Any CPU
		{B001BEC6-24EC-4BB2-BA67-15194519F142}.Debug|Any CPU.Build.0 = Debug|Any CPU
		{B001BEC6-24EC-4BB2-BA67-15194519F142}.Release|Any CPU.ActiveCfg = Release|Any CPU
		{B001BEC6-24EC-4BB2-BA67-15194519F142}.Release|Any CPU.Build.0 = Release|Any CPU
		{EA60045D-BF59-4577-8F2A-EACB40B97A18}.Debug|Any CPU.ActiveCfg = Debug|Any CPU
		{EA60045D-BF59-4577-8F2A-EACB40B97A18}.Debug|Any CPU.Build.0 = Debug|Any CPU
		{EA60045D-BF59-4577-8F2A-EACB40B97A18}.Release|Any CPU.ActiveCfg = Release|Any CPU
		{EA60045D-BF59-4577-8F2A-EACB40B97A18}.Release|Any CPU.Build.0 = Release|Any CPU
		{EF63024B-C01C-4DA0-A509-C296F226E07A}.Debug|Any CPU.ActiveCfg = Debug|Any CPU
		{EF63024B-C01C-4DA0-A509-C296F226E07A}.Debug|Any CPU.Build.0 = Debug|Any CPU
		{EF63024B-C01C-4DA0-A509-C296F226E07A}.Release|Any CPU.ActiveCfg = Release|Any CPU
		{EF63024B-C01C-4DA0-A509-C296F226E07A}.Release|Any CPU.Build.0 = Release|Any CPU
	EndGlobalSection
	GlobalSection(SolutionProperties) = preSolution
		HideSolutionNode = FALSE
	EndGlobalSection
	GlobalSection(ExtensibilityGlobals) = postSolution
		SolutionGuid = {73CAD1BA-EE35-4881-A8BD-28FF28D8918C}
	EndGlobalSection
EndGlobal
