
Microsoft Visual Studio Solution File, Format Version 12.00
# Visual Studio 15
VisualStudioVersion = 15.0.27130.0
MinimumVisualStudioVersion = 10.0.40219.1
Project("{FAE04EC0-301F-11D3-BF4B-00C04F79EFBC}") = "IssueTracker", "IssueTracker\IssueTracker.csproj", "{76E949B1-75F3-4478-9507-9D43EB937B5D}"
EndProject
Global
	GlobalSection(SolutionConfigurationPlatforms) = preSolution
		Debug|Any CPU = Debug|Any CPU
		Release|Any CPU = Release|Any CPU
	EndGlobalSection
	GlobalSection(ProjectConfigurationPlatforms) = postSolution
		{76E949B1-75F3-4478-9507-9D43EB937B5D}.Debug|Any CPU.ActiveCfg = Debug|Any CPU
		{76E949B1-75F3-4478-9507-9D43EB937B5D}.Debug|Any CPU.Build.0 = Debug|Any CPU
		{76E949B1-75F3-4478-9507-9D43EB937B5D}.Release|Any CPU.ActiveCfg = Release|Any CPU
		{76E949B1-75F3-4478-9507-9D43EB937B5D}.Release|Any CPU.Build.0 = Release|Any CPU
	EndGlobalSection
	GlobalSection(SolutionProperties) = preSolution
		HideSolutionNode = FALSE
	EndGlobalSection
	GlobalSection(ExtensibilityGlobals) = postSolution
		SolutionGuid = {73CAD1BA-EE35-4881-A8BD-28FF28D8918C}
	EndGlobalSection
EndGlobal
